
Microsoft Visual Studio Solution File, Format Version 12.00
# Visual Studio Version 16
VisualStudioVersion = 16.0.29613.14
MinimumVisualStudioVersion = 10.0.40219.1
Project("{FAE04EC0-301F-11D3-BF4B-00C04F79EFBC}") = "Exercicio1", "Exercicio1\Exercicio1.csproj", "{80537334-8DC4-4D4B-A3F6-A5883B7BF49F}"
EndProject
Global
	GlobalSection(SolutionConfigurationPlatforms) = preSolution
		Debug|Any CPU = Debug|Any CPU
		Release|Any CPU = Release|Any CPU
	EndGlobalSection
	GlobalSection(ProjectConfigurationPlatforms) = postSolution
		{80537334-8DC4-4D4B-A3F6-A5883B7BF49F}.Debug|Any CPU.ActiveCfg = Debug|Any CPU
		{80537334-8DC4-4D4B-A3F6-A5883B7BF49F}.Debug|Any CPU.Build.0 = Debug|Any CPU
		{80537334-8DC4-4D4B-A3F6-A5883B7BF49F}.Release|Any CPU.ActiveCfg = Release|Any CPU
		{80537334-8DC4-4D4B-A3F6-A5883B7BF49F}.Release|Any CPU.Build.0 = Release|Any CPU
	EndGlobalSection
	GlobalSection(SolutionProperties) = preSolution
		HideSolutionNode = FALSE
	EndGlobalSection
	GlobalSection(ExtensibilityGlobals) = postSolution
		SolutionGuid = {47F71152-1FD6-449B-9CDC-686AFF4694CC}
	EndGlobalSection
EndGlobal
